<Solution>
  <Folder Name="/Solution Files/">
    <File Path="LICENSE" />
    <File Path="README.md" />
    <File Path="SolutionFiles/ThinkMeta.Devices.Bluetooth.Net.props" />
    <File Path="SolutionFiles/ThinkMeta.Devices.Bluetooth.Net.targets" />
  </Folder>
  <Folder Name="/ThinkMeta.SolutionFiles/">
    <File Path="ThinkMeta.SolutionFiles/.clang-format" />
    <File Path="ThinkMeta.SolutionFiles/.editorconfig" />
    <File Path="ThinkMeta.SolutionFiles/LICENSE" />
    <File Path="ThinkMeta.SolutionFiles/README.md" />
    <File Path="ThinkMeta.SolutionFiles/ThinkMeta.Build.props" />
    <File Path="ThinkMeta.SolutionFiles/ThinkMeta.Cpp.Build.props" />
    <File Path="ThinkMeta.SolutionFiles/ThinkMeta.Cpp.Configurations.props" />
    <File Path="ThinkMeta.SolutionFiles/ThinkMeta.Cpp.ForceImportAfterCppDefaultProps.props" />
    <File Path="ThinkMeta.SolutionFiles/ThinkMeta.Cpp.ForceImportAfterCppProps.props" />
    <File Path="ThinkMeta.SolutionFiles/ThinkMeta.Cpp.ForceImportAfterCppTargets.targets" />
    <File Path="ThinkMeta.SolutionFiles/ThinkMeta.Cpp.ForceImportBeforeCppProps.props" />
    <File Path="ThinkMeta.SolutionFiles/ThinkMeta.Cpp.ForceImportBeforeCppTargets.targets" />
    <File Path="ThinkMeta.SolutionFiles/ThinkMeta.Cpp.StaticLibrary.props" />
    <File Path="ThinkMeta.SolutionFiles/ThinkMeta.CsWarnings.props" />
    <File Path="ThinkMeta.SolutionFiles/ThinkMeta.Net.Build.props" />
    <File Path="ThinkMeta.SolutionFiles/ThinkMeta.Net.Build.targets" />
    <File Path="ThinkMeta.SolutionFiles/ThinkMeta.Packages.props" />
  </Folder>
  <Folder Name="/Shared/">
    <Project Path="Shared/ThinkMeta.Devices.Bluetooth.Core/ThinkMeta.Devices.Bluetooth.Core.csproj" />
    <Project Path="Shared/ThinkMeta.Devices.Bluetooth.HeartRate/ThinkMeta.Devices.Bluetooth.HeartRate.csproj" />
    <Project Path="Shared/ThinkMeta.Devices.Bluetooth.Fitness/ThinkMeta.Devices.Bluetooth.Fitness.csproj" />
  </Folder>
  <Folder Name="/Windows/">
    <Project Path="Windows/ThinkMeta.Devices.Bluetooth.Core.Windows/ThinkMeta.Devices.Bluetooth.Core.Windows.csproj" />
    <Project Path="Windows/ThinkMeta.Devices.Bluetooth.HeartRate.Windows/ThinkMeta.Devices.Bluetooth.HeartRate.Windows.csproj" />
    <Project Path="Windows/ThinkMeta.Devices.Bluetooth.Fitness.Windows/ThinkMeta.Devices.Bluetooth.Fitness.Windows.csproj" />
    <Project Path="Windows/ThinkMeta.Devices.Bluetooth.HeartRate.TestCli/ThinkMeta.Devices.Bluetooth.HeartRate.TestCli.csproj" />
    <Project Path="Windows/ThinkMeta.Devices.Bluetooth.Fitness.TestCli/ThinkMeta.Devices.Bluetooth.Fitness.TestCli.csproj" />
  </Folder>
  <Folder Name="/Maui/">
    <Project Path="Maui/ThinkMeta.Devices.Bluetooth.Core.Maui/ThinkMeta.Devices.Bluetooth.Core.Maui.csproj" />
    <Project Path="Maui/ThinkMeta.Devices.Bluetooth.HeartRate.Maui/ThinkMeta.Devices.Bluetooth.HeartRate.Maui.csproj" />
    <Project Path="Maui/ThinkMeta.Devices.Bluetooth.Fitness.Maui/ThinkMeta.Devices.Bluetooth.Fitness.Maui.csproj" />
  </Folder>
</Solution>
